
Microsoft Visual Studio Solution File, Format Version 12.00
# Visual Studio Version 16
VisualStudioVersion = 16.0.31515.178
MinimumVisualStudioVersion = 10.0.40219.1
Project("{FAE04EC0-301F-11D3-BF4B-00C04F79EFBC}") = "InterfazInteresesMensualHouston", "InterfazInteresesMensualHouston\InterfazInteresesMensualHouston.csproj", "{4D12755D-81B3-4477-B9E5-722199560D5C}"
EndProject
Project("{FAE04EC0-301F-11D3-BF4B-00C04F79EFBC}") = "Consumiento_InterfazInteresesMensualHouston", "Consumiento_InterfazInteresesMensualHouston\Consumiento_InterfazInteresesMensualHouston.csproj", "{5902CC73-4A47-44D6-A027-10304ADDD9F5}"
EndProject
Global
	GlobalSection(SolutionConfigurationPlatforms) = preSolution
		Debug|Any CPU = Debug|Any CPU
		Release|Any CPU = Release|Any CPU
	EndGlobalSection
	GlobalSection(ProjectConfigurationPlatforms) = postSolution
		{4D12755D-81B3-4477-B9E5-722199560D5C}.Debug|Any CPU.ActiveCfg = Debug|Any CPU
		{4D12755D-81B3-4477-B9E5-722199560D5C}.Debug|Any CPU.Build.0 = Debug|Any CPU
		{4D12755D-81B3-4477-B9E5-722199560D5C}.Release|Any CPU.ActiveCfg = Release|Any CPU
		{4D12755D-81B3-4477-B9E5-722199560D5C}.Release|Any CPU.Build.0 = Release|Any CPU
		{5902CC73-4A47-44D6-A027-10304ADDD9F5}.Debug|Any CPU.ActiveCfg = Debug|Any CPU
		{5902CC73-4A47-44D6-A027-10304ADDD9F5}.Debug|Any CPU.Build.0 = Debug|Any CPU
		{5902CC73-4A47-44D6-A027-10304ADDD9F5}.Release|Any CPU.ActiveCfg = Release|Any CPU
		{5902CC73-4A47-44D6-A027-10304ADDD9F5}.Release|Any CPU.Build.0 = Release|Any CPU
	EndGlobalSection
	GlobalSection(SolutionProperties) = preSolution
		HideSolutionNode = FALSE
	EndGlobalSection
	GlobalSection(ExtensibilityGlobals) = postSolution
		SolutionGuid = {19851932-695B-405F-B1E5-8AA5DB6CBF14}
	EndGlobalSection
EndGlobal
